
Microsoft Visual Studio Solution File, Format Version 12.00
# Visual Studio Version 16
VisualStudioVersion = 16.0.31205.134
MinimumVisualStudioVersion = 10.0.40219.1
Project("{FAE04EC0-301F-11D3-BF4B-00C04F79EFBC}") = "CadastroPessoaBack", "CadastroPessoaBack\CadastroPessoaBack.csproj", "{2D635A4B-BA83-4056-9E26-82BAB9328EF9}"
EndProject
Global
	GlobalSection(SolutionConfigurationPlatforms) = preSolution
		Debug|Any CPU = Debug|Any CPU
		Release|Any CPU = Release|Any CPU
	EndGlobalSection
	GlobalSection(ProjectConfigurationPlatforms) = postSolution
		{2D635A4B-BA83-4056-9E26-82BAB9328EF9}.Debug|Any CPU.ActiveCfg = Debug|Any CPU
		{2D635A4B-BA83-4056-9E26-82BAB9328EF9}.Debug|Any CPU.Build.0 = Debug|Any CPU
		{2D635A4B-BA83-4056-9E26-82BAB9328EF9}.Release|Any CPU.ActiveCfg = Release|Any CPU
		{2D635A4B-BA83-4056-9E26-82BAB9328EF9}.Release|Any CPU.Build.0 = Release|Any CPU
	EndGlobalSection
	GlobalSection(SolutionProperties) = preSolution
		HideSolutionNode = FALSE
	EndGlobalSection
	GlobalSection(ExtensibilityGlobals) = postSolution
		SolutionGuid = {41393804-7196-4CEB-9A24-096D53BBF922}
	EndGlobalSection
EndGlobal
